// !$*UTF8*$!
{
	archiveVersion = 1;
	classes = {};
	objectVersion = 56;
	objects = {

/* Begin PBXBuildFile section */
		A10000000000000000000001 /* SimuBoardApp.swift in Sources */ = {isa = PBXBuildFile; fileRef = B10000000000000000000001 /* SimuBoardApp.swift */; };
		A10000000000000000000002 /* SwitchProfile.swift in Sources */ = {isa = PBXBuildFile; fileRef = B10000000000000000000002 /* SwitchProfile.swift */; };
		A10000000000000000000003 /* KeySound.swift in Sources */ = {isa = PBXBuildFile; fileRef = B10000000000000000000003 /* KeySound.swift */; };
		A10000000000000000000004 /* AppSettings.swift in Sources */ = {isa = PBXBuildFile; fileRef = B10000000000000000000004 /* AppSettings.swift */; };
		A10000000000000000000005 /* KeyboardMonitor.swift in Sources */ = {isa = PBXBuildFile; fileRef = B10000000000000000000005 /* KeyboardMonitor.swift */; };
		A10000000000000000000006 /* KeyboardAudioEngine.swift in Sources */ = {isa = PBXBuildFile; fileRef = B10000000000000000000006 /* KeyboardAudioEngine.swift */; };
		A1000000000000000000000D /* SystemOutputVolume.swift in Sources */ = {isa = PBXBuildFile; fileRef = B1000000000000000000000F /* SystemOutputVolume.swift */; };
		A10000000000000000000007 /* InputMonitoringPermissionManager.swift in Sources */ = {isa = PBXBuildFile; fileRef = B10000000000000000000007 /* InputMonitoringPermissionManager.swift */; };
		A10000000000000000000008 /* AppModel.swift in Sources */ = {isa = PBXBuildFile; fileRef = B10000000000000000000008 /* AppModel.swift */; };
		A10000000000000000000009 /* MenuBarView.swift in Sources */ = {isa = PBXBuildFile; fileRef = B10000000000000000000009 /* MenuBarView.swift */; };
		A1000000000000000000000A /* Audio in Resources */ = {isa = PBXBuildFile; fileRef = B1000000000000000000000A /* Audio */; };
		A1000000000000000000000B /* THIRD_PARTY_NOTICES.txt in Resources */ = {isa = PBXBuildFile; fileRef = B1000000000000000000000B /* THIRD_PARTY_NOTICES.txt */; };
		A1000000000000000000000C /* Assets.xcassets in Resources */ = {isa = PBXBuildFile; fileRef = B1000000000000000000000E /* Assets.xcassets */; };
		A90000000000000000000001 /* SPARKLE_LICENSE.txt in Resources */ = {isa = PBXBuildFile; fileRef = B90000000000000000000001 /* SPARKLE_LICENSE.txt */; };
		A20000000000000000000001 /* KeyboardLayout.swift in Sources */ = {isa = PBXBuildFile; fileRef = B20000000000000000000001 /* KeyboardLayout.swift */; };
		A20000000000000000000002 /* SoundPack.swift in Sources */ = {isa = PBXBuildFile; fileRef = B20000000000000000000002 /* SoundPack.swift */; };
		A20000000000000000000003 /* SemanticVersion.swift in Sources */ = {isa = PBXBuildFile; fileRef = B20000000000000000000003 /* SemanticVersion.swift */; };
		A20000000000000000000004 /* ReleaseSummary.swift in Sources */ = {isa = PBXBuildFile; fileRef = B20000000000000000000004 /* ReleaseSummary.swift */; };
		A20000000000000000000005 /* SoundPackLibrary.swift in Sources */ = {isa = PBXBuildFile; fileRef = B20000000000000000000005 /* SoundPackLibrary.swift */; };
		A20000000000000000000006 /* SoundPackResolver.swift in Sources */ = {isa = PBXBuildFile; fileRef = B20000000000000000000006 /* SoundPackResolver.swift */; };
		A20000000000000000000007 /* AudioImportService.swift in Sources */ = {isa = PBXBuildFile; fileRef = B20000000000000000000007 /* AudioImportService.swift */; };
		A20000000000000000000008 /* SoundPackArchiveService.swift in Sources */ = {isa = PBXBuildFile; fileRef = B20000000000000000000008 /* SoundPackArchiveService.swift */; };
		A20000000000000000000009 /* AudioSplitService.swift in Sources */ = {isa = PBXBuildFile; fileRef = B20000000000000000000009 /* AudioSplitService.swift */; };
		A2000000000000000000000A /* GitHubReleaseClient.swift in Sources */ = {isa = PBXBuildFile; fileRef = B2000000000000000000000A /* GitHubReleaseClient.swift */; };
		A2000000000000000000000B /* UpdateController.swift in Sources */ = {isa = PBXBuildFile; fileRef = B2000000000000000000000B /* UpdateController.swift */; };
		A2000000000000000000000C /* UpdateSection.swift in Sources */ = {isa = PBXBuildFile; fileRef = B2000000000000000000000C /* UpdateSection.swift */; };
		A30000000000000000000001 /* SoundPackEditorModel.swift in Sources */ = {isa = PBXBuildFile; fileRef = B30000000000000000000001 /* SoundPackEditorModel.swift */; };
		A30000000000000000000002 /* SoundPackEditorView.swift in Sources */ = {isa = PBXBuildFile; fileRef = B30000000000000000000002 /* SoundPackEditorView.swift */; };
		A30000000000000000000003 /* SoundPackKeyboardView.swift in Sources */ = {isa = PBXBuildFile; fileRef = B30000000000000000000003 /* SoundPackKeyboardView.swift */; };
		A30000000000000000000004 /* AudioSplitEditorSheet.swift in Sources */ = {isa = PBXBuildFile; fileRef = B30000000000000000000004 /* AudioSplitEditorSheet.swift */; };
		A30000000000000000000005 /* SoundPackEditorWindowController.swift in Sources */ = {isa = PBXBuildFile; fileRef = B30000000000000000000005 /* SoundPackEditorWindowController.swift */; };
		A40000000000000000000001 /* PointerSound.swift in Sources */ = {isa = PBXBuildFile; fileRef = B40000000000000000000001 /* PointerSound.swift */; };
		A50000000000000000000001 /* TypingStats.swift in Sources */ = {isa = PBXBuildFile; fileRef = B50000000000000000000001 /* TypingStats.swift */; };
		A50000000000000000000002 /* TypingStatsStore.swift in Sources */ = {isa = PBXBuildFile; fileRef = B50000000000000000000002 /* TypingStatsStore.swift */; };
		A50000000000000000000003 /* TypingStatsModel.swift in Sources */ = {isa = PBXBuildFile; fileRef = B50000000000000000000003 /* TypingStatsModel.swift */; };
		A50000000000000000000004 /* TypingStatsWindowController.swift in Sources */ = {isa = PBXBuildFile; fileRef = B50000000000000000000004 /* TypingStatsWindowController.swift */; };
		A50000000000000000000005 /* TypingStatsSummarySection.swift in Sources */ = {isa = PBXBuildFile; fileRef = B50000000000000000000005 /* TypingStatsSummarySection.swift */; };
		A50000000000000000000006 /* TypingStatsView.swift in Sources */ = {isa = PBXBuildFile; fileRef = B50000000000000000000006 /* TypingStatsView.swift */; };
		A50000000000000000000007 /* TypingStatsKeyboardView.swift in Sources */ = {isa = PBXBuildFile; fileRef = B50000000000000000000007 /* TypingStatsKeyboardView.swift */; };
		A50000000000000000000008 /* TypingStatsOverviewView.swift in Sources */ = {isa = PBXBuildFile; fileRef = B50000000000000000000008 /* TypingStatsOverviewView.swift */; };
		A50000000000000000000009 /* TypingStatsReportView.swift in Sources */ = {isa = PBXBuildFile; fileRef = B50000000000000000000009 /* TypingStatsReportView.swift */; };
		A5000000000000000000000A /* TypingYearHeatmap.swift in Sources */ = {isa = PBXBuildFile; fileRef = B5000000000000000000000A /* TypingYearHeatmap.swift */; };
		A60000000000000000000001 /* MacKeyboardLayoutView.swift in Sources */ = {isa = PBXBuildFile; fileRef = B60000000000000000000001 /* MacKeyboardLayoutView.swift */; };
		A60000000000000000000002 /* BattutaVisualStyle.swift in Sources */ = {isa = PBXBuildFile; fileRef = B60000000000000000000002 /* BattutaVisualStyle.swift */; };
		A70000000000000000000001 /* LaunchAtLoginController.swift in Sources */ = {isa = PBXBuildFile; fileRef = B70000000000000000000001 /* LaunchAtLoginController.swift */; };
		A8F4710E2A00000000000001 /* SparkleUpdateService.swift in Sources */ = {isa = PBXBuildFile; fileRef = B8F4710E2A00000000000001 /* SparkleUpdateService.swift */; };
		A8F4710E2A00000000000002 /* Sparkle in Frameworks */ = {isa = PBXBuildFile; productRef = F8F4710E2A00000000000003 /* Sparkle */; };
/* End PBXBuildFile section */

/* Begin PBXFileReference section */
		B10000000000000000000001 /* SimuBoardApp.swift */ = {isa = PBXFileReference; lastKnownFileType = sourcecode.swift; path = SimuBoardApp.swift; sourceTree = "<group>"; };
		B10000000000000000000002 /* SwitchProfile.swift */ = {isa = PBXFileReference; lastKnownFileType = sourcecode.swift; path = SwitchProfile.swift; sourceTree = "<group>"; };
		B10000000000000000000003 /* KeySound.swift */ = {isa = PBXFileReference; lastKnownFileType = sourcecode.swift; path = KeySound.swift; sourceTree = "<group>"; };
		B10000000000000000000004 /* AppSettings.swift */ = {isa = PBXFileReference; lastKnownFileType = sourcecode.swift; path = AppSettings.swift; sourceTree = "<group>"; };
		B10000000000000000000005 /* KeyboardMonitor.swift */ = {isa = PBXFileReference; lastKnownFileType = sourcecode.swift; path = KeyboardMonitor.swift; sourceTree = "<group>"; };
		B10000000000000000000006 /* KeyboardAudioEngine.swift */ = {isa = PBXFileReference; lastKnownFileType = sourcecode.swift; path = KeyboardAudioEngine.swift; sourceTree = "<group>"; };
		B1000000000000000000000F /* SystemOutputVolume.swift */ = {isa = PBXFileReference; lastKnownFileType = sourcecode.swift; path = SystemOutputVolume.swift; sourceTree = "<group>"; };
		B10000000000000000000007 /* InputMonitoringPermissionManager.swift */ = {isa = PBXFileReference; lastKnownFileType = sourcecode.swift; path = InputMonitoringPermissionManager.swift; sourceTree = "<group>"; };
		B10000000000000000000008 /* AppModel.swift */ = {isa = PBXFileReference; lastKnownFileType = sourcecode.swift; path = AppModel.swift; sourceTree = "<group>"; };
		B10000000000000000000009 /* MenuBarView.swift */ = {isa = PBXFileReference; lastKnownFileType = sourcecode.swift; path = MenuBarView.swift; sourceTree = "<group>"; };
		B1000000000000000000000A /* Audio */ = {isa = PBXFileReference; lastKnownFileType = folder; path = Audio; sourceTree = "<group>"; };
		B1000000000000000000000B /* THIRD_PARTY_NOTICES.txt */ = {isa = PBXFileReference; lastKnownFileType = text; path = THIRD_PARTY_NOTICES.txt; sourceTree = "<group>"; };
		B90000000000000000000001 /* SPARKLE_LICENSE.txt */ = {isa = PBXFileReference; lastKnownFileType = text; path = SPARKLE_LICENSE.txt; sourceTree = "<group>"; };
		B1000000000000000000000C /* Info.plist */ = {isa = PBXFileReference; lastKnownFileType = text.plist.xml; path = Info.plist; sourceTree = "<group>"; };
		B1000000000000000000000D /* Battuta.app */ = {isa = PBXFileReference; explicitFileType = wrapper.application; includeInIndex = 0; path = Battuta.app; sourceTree = BUILT_PRODUCTS_DIR; };
		B1000000000000000000000E /* Assets.xcassets */ = {isa = PBXFileReference; lastKnownFileType = folder.assetcatalog; path = Assets.xcassets; sourceTree = "<group>"; };
		B20000000000000000000001 /* KeyboardLayout.swift */ = {isa = PBXFileReference; lastKnownFileType = sourcecode.swift; path = KeyboardLayout.swift; sourceTree = "<group>"; };
		B20000000000000000000002 /* SoundPack.swift */ = {isa = PBXFileReference; lastKnownFileType = sourcecode.swift; path = SoundPack.swift; sourceTree = "<group>"; };
		B20000000000000000000003 /* SemanticVersion.swift */ = {isa = PBXFileReference; lastKnownFileType = sourcecode.swift; path = SemanticVersion.swift; sourceTree = "<group>"; };
		B20000000000000000000004 /* ReleaseSummary.swift */ = {isa = PBXFileReference; lastKnownFileType = sourcecode.swift; path = ReleaseSummary.swift; sourceTree = "<group>"; };
		B20000000000000000000005 /* SoundPackLibrary.swift */ = {isa = PBXFileReference; lastKnownFileType = sourcecode.swift; path = SoundPackLibrary.swift; sourceTree = "<group>"; };
		B20000000000000000000006 /* SoundPackResolver.swift */ = {isa = PBXFileReference; lastKnownFileType = sourcecode.swift; path = SoundPackResolver.swift; sourceTree = "<group>"; };
		B20000000000000000000007 /* AudioImportService.swift */ = {isa = PBXFileReference; lastKnownFileType = sourcecode.swift; path = AudioImportService.swift; sourceTree = "<group>"; };
		B20000000000000000000008 /* SoundPackArchiveService.swift */ = {isa = PBXFileReference; lastKnownFileType = sourcecode.swift; path = SoundPackArchiveService.swift; sourceTree = "<group>"; };
		B20000000000000000000009 /* AudioSplitService.swift */ = {isa = PBXFileReference; lastKnownFileType = sourcecode.swift; path = AudioSplitService.swift; sourceTree = "<group>"; };
		B2000000000000000000000A /* GitHubReleaseClient.swift */ = {isa = PBXFileReference; lastKnownFileType = sourcecode.swift; path = GitHubReleaseClient.swift; sourceTree = "<group>"; };
		B2000000000000000000000B /* UpdateController.swift */ = {isa = PBXFileReference; lastKnownFileType = sourcecode.swift; path = UpdateController.swift; sourceTree = "<group>"; };
		B2000000000000000000000C /* UpdateSection.swift */ = {isa = PBXFileReference; lastKnownFileType = sourcecode.swift; path = UpdateSection.swift; sourceTree = "<group>"; };
		B30000000000000000000001 /* SoundPackEditorModel.swift */ = {isa = PBXFileReference; lastKnownFileType = sourcecode.swift; path = SoundPackEditorModel.swift; sourceTree = "<group>"; };
		B30000000000000000000002 /* SoundPackEditorView.swift */ = {isa = PBXFileReference; lastKnownFileType = sourcecode.swift; path = SoundPackEditorView.swift; sourceTree = "<group>"; };
		B30000000000000000000003 /* SoundPackKeyboardView.swift */ = {isa = PBXFileReference; lastKnownFileType = sourcecode.swift; path = SoundPackKeyboardView.swift; sourceTree = "<group>"; };
		B30000000000000000000004 /* AudioSplitEditorSheet.swift */ = {isa = PBXFileReference; lastKnownFileType = sourcecode.swift; path = AudioSplitEditorSheet.swift; sourceTree = "<group>"; };
		B30000000000000000000005 /* SoundPackEditorWindowController.swift */ = {isa = PBXFileReference; lastKnownFileType = sourcecode.swift; path = SoundPackEditorWindowController.swift; sourceTree = "<group>"; };
		B40000000000000000000001 /* PointerSound.swift */ = {isa = PBXFileReference; lastKnownFileType = sourcecode.swift; path = PointerSound.swift; sourceTree = "<group>"; };
		B50000000000000000000001 /* TypingStats.swift */ = {isa = PBXFileReference; lastKnownFileType = sourcecode.swift; path = TypingStats.swift; sourceTree = "<group>"; };
		B50000000000000000000002 /* TypingStatsStore.swift */ = {isa = PBXFileReference; lastKnownFileType = sourcecode.swift; path = TypingStatsStore.swift; sourceTree = "<group>"; };
		B50000000000000000000003 /* TypingStatsModel.swift */ = {isa = PBXFileReference; lastKnownFileType = sourcecode.swift; path = TypingStatsModel.swift; sourceTree = "<group>"; };
		B50000000000000000000004 /* TypingStatsWindowController.swift */ = {isa = PBXFileReference; lastKnownFileType = sourcecode.swift; path = TypingStatsWindowController.swift; sourceTree = "<group>"; };
		B50000000000000000000005 /* TypingStatsSummarySection.swift */ = {isa = PBXFileReference; lastKnownFileType = sourcecode.swift; path = TypingStatsSummarySection.swift; sourceTree = "<group>"; };
		B50000000000000000000006 /* TypingStatsView.swift */ = {isa = PBXFileReference; lastKnownFileType = sourcecode.swift; path = TypingStatsView.swift; sourceTree = "<group>"; };
		B50000000000000000000007 /* TypingStatsKeyboardView.swift */ = {isa = PBXFileReference; lastKnownFileType = sourcecode.swift; path = TypingStatsKeyboardView.swift; sourceTree = "<group>"; };
		B50000000000000000000008 /* TypingStatsOverviewView.swift */ = {isa = PBXFileReference; lastKnownFileType = sourcecode.swift; path = TypingStatsOverviewView.swift; sourceTree = "<group>"; };
		B50000000000000000000009 /* TypingStatsReportView.swift */ = {isa = PBXFileReference; lastKnownFileType = sourcecode.swift; path = TypingStatsReportView.swift; sourceTree = "<group>"; };
		B5000000000000000000000A /* TypingYearHeatmap.swift */ = {isa = PBXFileReference; lastKnownFileType = sourcecode.swift; path = TypingYearHeatmap.swift; sourceTree = "<group>"; };
		B60000000000000000000001 /* MacKeyboardLayoutView.swift */ = {isa = PBXFileReference; lastKnownFileType = sourcecode.swift; path = MacKeyboardLayoutView.swift; sourceTree = "<group>"; };
		B60000000000000000000002 /* BattutaVisualStyle.swift */ = {isa = PBXFileReference; lastKnownFileType = sourcecode.swift; path = BattutaVisualStyle.swift; sourceTree = "<group>"; };
		B70000000000000000000001 /* LaunchAtLoginController.swift */ = {isa = PBXFileReference; lastKnownFileType = sourcecode.swift; path = LaunchAtLoginController.swift; sourceTree = "<group>"; };
		B8F4710E2A00000000000001 /* SparkleUpdateService.swift */ = {isa = PBXFileReference; lastKnownFileType = sourcecode.swift; path = SparkleUpdateService.swift; sourceTree = "<group>"; };
/* End PBXFileReference section */

/* Begin PBXFrameworksBuildPhase section */
		C10000000000000000000001 /* Frameworks */ = {
			isa = PBXFrameworksBuildPhase;
			buildActionMask = 2147483647;
			files = (
				A8F4710E2A00000000000002 /* Sparkle in Frameworks */,
			);
			runOnlyForDeploymentPostprocessing = 0;
		};
/* End PBXFrameworksBuildPhase section */

/* Begin PBXGroup section */
		D10000000000000000000001 = {
			isa = PBXGroup;
			children = (
				D10000000000000000000002 /* SimuBoardMac */,
				D10000000000000000000007 /* Products */,
			);
			sourceTree = "<group>";
		};
		D10000000000000000000002 /* SimuBoardMac */ = {
			isa = PBXGroup;
			children = (
				B10000000000000000000001 /* SimuBoardApp.swift */,
				B1000000000000000000000E /* Assets.xcassets */,
				D10000000000000000000003 /* Models */,
				D10000000000000000000004 /* Services */,
				D10000000000000000000005 /* Views */,
				D10000000000000000000006 /* Resources */,
				B1000000000000000000000C /* Info.plist */,
			);
			path = SimuBoardMac;
			sourceTree = "<group>";
		};
		D10000000000000000000003 /* Models */ = {
			isa = PBXGroup;
			children = (
				B10000000000000000000002 /* SwitchProfile.swift */,
				B10000000000000000000003 /* KeySound.swift */,
				B40000000000000000000001 /* PointerSound.swift */,
				B10000000000000000000004 /* AppSettings.swift */,
				B20000000000000000000001 /* KeyboardLayout.swift */,
				B20000000000000000000002 /* SoundPack.swift */,
				B20000000000000000000003 /* SemanticVersion.swift */,
				B20000000000000000000004 /* ReleaseSummary.swift */,
				B50000000000000000000001 /* TypingStats.swift */,
			);
			path = Models;
			sourceTree = "<group>";
		};
		D10000000000000000000004 /* Services */ = {
			isa = PBXGroup;
			children = (
				B10000000000000000000005 /* KeyboardMonitor.swift */,
				B10000000000000000000006 /* KeyboardAudioEngine.swift */,
				B1000000000000000000000F /* SystemOutputVolume.swift */,
				B10000000000000000000007 /* InputMonitoringPermissionManager.swift */,
				B70000000000000000000001 /* LaunchAtLoginController.swift */,
				B10000000000000000000008 /* AppModel.swift */,
				B20000000000000000000005 /* SoundPackLibrary.swift */,
				B20000000000000000000006 /* SoundPackResolver.swift */,
				B20000000000000000000007 /* AudioImportService.swift */,
				B20000000000000000000008 /* SoundPackArchiveService.swift */,
				B20000000000000000000009 /* AudioSplitService.swift */,
				B2000000000000000000000A /* GitHubReleaseClient.swift */,
				B2000000000000000000000B /* UpdateController.swift */,
				B8F4710E2A00000000000001 /* SparkleUpdateService.swift */,
				B30000000000000000000001 /* SoundPackEditorModel.swift */,
				B30000000000000000000005 /* SoundPackEditorWindowController.swift */,
				B50000000000000000000002 /* TypingStatsStore.swift */,
				B50000000000000000000003 /* TypingStatsModel.swift */,
				B50000000000000000000004 /* TypingStatsWindowController.swift */,
			);
			path = Services;
			sourceTree = "<group>";
		};
		D10000000000000000000005 /* Views */ = {
			isa = PBXGroup;
			children = (
				B60000000000000000000002 /* BattutaVisualStyle.swift */,
				B10000000000000000000009 /* MenuBarView.swift */,
				B60000000000000000000001 /* MacKeyboardLayoutView.swift */,
				B2000000000000000000000C /* UpdateSection.swift */,
				B30000000000000000000002 /* SoundPackEditorView.swift */,
				B30000000000000000000003 /* SoundPackKeyboardView.swift */,
				B30000000000000000000004 /* AudioSplitEditorSheet.swift */,
				B50000000000000000000005 /* TypingStatsSummarySection.swift */,
				B50000000000000000000006 /* TypingStatsView.swift */,
				B50000000000000000000007 /* TypingStatsKeyboardView.swift */,
				B50000000000000000000008 /* TypingStatsOverviewView.swift */,
				B50000000000000000000009 /* TypingStatsReportView.swift */,
				B5000000000000000000000A /* TypingYearHeatmap.swift */,
			);
			path = Views;
			sourceTree = "<group>";
		};
		D10000000000000000000006 /* Resources */ = {
			isa = PBXGroup;
			children = (
				B1000000000000000000000A /* Audio */,
				B1000000000000000000000B /* THIRD_PARTY_NOTICES.txt */,
				B90000000000000000000001 /* SPARKLE_LICENSE.txt */,
			);
			path = Resources;
			sourceTree = "<group>";
		};
		D10000000000000000000007 /* Products */ = {
			isa = PBXGroup;
			children = (
				B1000000000000000000000D /* Battuta.app */,
			);
			name = Products;
			sourceTree = "<group>";
		};
/* End PBXGroup section */

/* Begin PBXNativeTarget section */
		E10000000000000000000001 /* SimuBoardMac */ = {
			isa = PBXNativeTarget;
			buildConfigurationList = F10000000000000000000002 /* Build configuration list for PBXNativeTarget "SimuBoardMac" */;
			buildPhases = (
				C10000000000000000000002 /* Sources */,
				C10000000000000000000001 /* Frameworks */,
				C10000000000000000000003 /* Resources */,
			);
			buildRules = ();
			dependencies = ();
			name = SimuBoardMac;
			packageProductDependencies = (
				F8F4710E2A00000000000003 /* Sparkle */,
			);
			productName = Battuta;
			productReference = B1000000000000000000000D /* Battuta.app */;
			productType = "com.apple.product-type.application";
		};
/* End PBXNativeTarget section */

/* Begin PBXProject section */
		E10000000000000000000002 /* Project object */ = {
			isa = PBXProject;
			attributes = {
				BuildIndependentTargetsInParallel = 1;
				LastSwiftUpdateCheck = 2700;
				LastUpgradeCheck = 2700;
				TargetAttributes = {
					E10000000000000000000001 = { CreatedOnToolsVersion = 27.0; };
				};
			};
			buildConfigurationList = F10000000000000000000001 /* Build configuration list for PBXProject "SimuBoardMac" */;
			compatibilityVersion = "Xcode 14.0";
			developmentRegion = en;
			hasScannedForEncodings = 0;
			knownRegions = (en, Base, "zh-Hans");
			mainGroup = D10000000000000000000001;
			packageReferences = (
				F8F4710E2A00000000000002 /* XCRemoteSwiftPackageReference "Sparkle" */,
			);
			productRefGroup = D10000000000000000000007 /* Products */;
			projectDirPath = "";
			projectRoot = "";
			targets = (E10000000000000000000001 /* SimuBoardMac */);
		};
/* End PBXProject section */

/* Begin PBXResourcesBuildPhase section */
		C10000000000000000000003 /* Resources */ = {
			isa = PBXResourcesBuildPhase;
			buildActionMask = 2147483647;
			files = (
				A1000000000000000000000A /* Audio in Resources */,
				A1000000000000000000000B /* THIRD_PARTY_NOTICES.txt in Resources */,
				A90000000000000000000001 /* SPARKLE_LICENSE.txt in Resources */,
				A1000000000000000000000C /* Assets.xcassets in Resources */,
			);
			runOnlyForDeploymentPostprocessing = 0;
		};
/* End PBXResourcesBuildPhase section */

/* Begin PBXSourcesBuildPhase section */
		C10000000000000000000002 /* Sources */ = {
			isa = PBXSourcesBuildPhase;
			buildActionMask = 2147483647;
			files = (
				A10000000000000000000001 /* SimuBoardApp.swift in Sources */,
				A10000000000000000000002 /* SwitchProfile.swift in Sources */,
				A10000000000000000000003 /* KeySound.swift in Sources */,
				A40000000000000000000001 /* PointerSound.swift in Sources */,
				A10000000000000000000004 /* AppSettings.swift in Sources */,
				A10000000000000000000005 /* KeyboardMonitor.swift in Sources */,
				A10000000000000000000006 /* KeyboardAudioEngine.swift in Sources */,
				A1000000000000000000000D /* SystemOutputVolume.swift in Sources */,
				A10000000000000000000007 /* InputMonitoringPermissionManager.swift in Sources */,
				A70000000000000000000001 /* LaunchAtLoginController.swift in Sources */,
				A10000000000000000000008 /* AppModel.swift in Sources */,
				A10000000000000000000009 /* MenuBarView.swift in Sources */,
				A20000000000000000000001 /* KeyboardLayout.swift in Sources */,
				A20000000000000000000002 /* SoundPack.swift in Sources */,
				A20000000000000000000003 /* SemanticVersion.swift in Sources */,
				A20000000000000000000004 /* ReleaseSummary.swift in Sources */,
				A20000000000000000000005 /* SoundPackLibrary.swift in Sources */,
				A20000000000000000000006 /* SoundPackResolver.swift in Sources */,
				A20000000000000000000007 /* AudioImportService.swift in Sources */,
				A20000000000000000000008 /* SoundPackArchiveService.swift in Sources */,
				A20000000000000000000009 /* AudioSplitService.swift in Sources */,
				A2000000000000000000000A /* GitHubReleaseClient.swift in Sources */,
				A2000000000000000000000B /* UpdateController.swift in Sources */,
				A8F4710E2A00000000000001 /* SparkleUpdateService.swift in Sources */,
				A2000000000000000000000C /* UpdateSection.swift in Sources */,
				A30000000000000000000001 /* SoundPackEditorModel.swift in Sources */,
				A30000000000000000000002 /* SoundPackEditorView.swift in Sources */,
				A30000000000000000000003 /* SoundPackKeyboardView.swift in Sources */,
				A30000000000000000000004 /* AudioSplitEditorSheet.swift in Sources */,
				A30000000000000000000005 /* SoundPackEditorWindowController.swift in Sources */,
				A50000000000000000000001 /* TypingStats.swift in Sources */,
				A50000000000000000000002 /* TypingStatsStore.swift in Sources */,
				A50000000000000000000003 /* TypingStatsModel.swift in Sources */,
				A50000000000000000000004 /* TypingStatsWindowController.swift in Sources */,
				A50000000000000000000005 /* TypingStatsSummarySection.swift in Sources */,
				A50000000000000000000006 /* TypingStatsView.swift in Sources */,
				A50000000000000000000007 /* TypingStatsKeyboardView.swift in Sources */,
				A50000000000000000000008 /* TypingStatsOverviewView.swift in Sources */,
				A50000000000000000000009 /* TypingStatsReportView.swift in Sources */,
				A5000000000000000000000A /* TypingYearHeatmap.swift in Sources */,
				A60000000000000000000001 /* MacKeyboardLayoutView.swift in Sources */,
				A60000000000000000000002 /* BattutaVisualStyle.swift in Sources */,
			);
			runOnlyForDeploymentPostprocessing = 0;
		};
/* End PBXSourcesBuildPhase section */

/* Begin XCRemoteSwiftPackageReference section */
		F8F4710E2A00000000000002 /* XCRemoteSwiftPackageReference "Sparkle" */ = {
			isa = XCRemoteSwiftPackageReference;
			repositoryURL = "https://github.com/sparkle-project/Sparkle";
			requirement = {
				kind = upToNextMajorVersion;
				minimumVersion = 2.9.6;
			};
		};
/* End XCRemoteSwiftPackageReference section */

/* Begin XCSwiftPackageProductDependency section */
		F8F4710E2A00000000000003 /* Sparkle */ = {
			isa = XCSwiftPackageProductDependency;
			package = F8F4710E2A00000000000002 /* XCRemoteSwiftPackageReference "Sparkle" */;
			productName = Sparkle;
		};
/* End XCSwiftPackageProductDependency section */

/* Begin XCBuildConfiguration section */
		F10000000000000000000010 /* Debug */ = {
			isa = XCBuildConfiguration;
			buildSettings = {
				ALWAYS_SEARCH_USER_PATHS = NO;
				CLANG_ENABLE_MODULES = YES;
				CLANG_ENABLE_OBJC_ARC = YES;
				COPY_PHASE_STRIP = NO;
				DEBUG_INFORMATION_FORMAT = dwarf;
				ENABLE_STRICT_OBJC_MSGSEND = YES;
				GCC_C_LANGUAGE_STANDARD = gnu17;
				GCC_OPTIMIZATION_LEVEL = 0;
				MTL_ENABLE_DEBUG_INFO = INCLUDE_SOURCE;
				ONLY_ACTIVE_ARCH = YES;
				SDKROOT = macosx;
				SWIFT_ACTIVE_COMPILATION_CONDITIONS = DEBUG;
				SWIFT_OPTIMIZATION_LEVEL = "-Onone";
			};
			name = Debug;
		};
		F10000000000000000000011 /* Release */ = {
			isa = XCBuildConfiguration;
			buildSettings = {
				ALWAYS_SEARCH_USER_PATHS = NO;
				CLANG_ENABLE_MODULES = YES;
				CLANG_ENABLE_OBJC_ARC = YES;
				COPY_PHASE_STRIP = YES;
				DEBUG_INFORMATION_FORMAT = "dwarf-with-dsym";
				ENABLE_NS_ASSERTIONS = NO;
				ENABLE_STRICT_OBJC_MSGSEND = YES;
				GCC_C_LANGUAGE_STANDARD = gnu17;
				MTL_ENABLE_DEBUG_INFO = NO;
				SDKROOT = macosx;
				SWIFT_COMPILATION_MODE = wholemodule;
		};
			name = Release;
		};
		F10000000000000000000020 /* Debug */ = {
			isa = XCBuildConfiguration;
			buildSettings = {
				ASSETCATALOG_COMPILER_APPICON_NAME = AppIcon;
				CODE_SIGN_IDENTITY = "-";
				CODE_SIGN_STYLE = Manual;
				COMBINE_HIDPI_IMAGES = YES;
				CURRENT_PROJECT_VERSION = 24;
				ENABLE_APP_SANDBOX = NO;
				ENABLE_HARDENED_RUNTIME = YES;
				GENERATE_INFOPLIST_FILE = NO;
				INFOPLIST_FILE = SimuBoardMac/Info.plist;
				LD_RUNPATH_SEARCH_PATHS = "$(inherited) @executable_path/../Frameworks";
				MACOSX_DEPLOYMENT_TARGET = 13.0;
				MARKETING_VERSION = 1.1.0;
				PRODUCT_BUNDLE_IDENTIFIER = com.simuboard.mac;
				PRODUCT_NAME = Battuta;
				SWIFT_STRICT_CONCURRENCY = complete;
				SWIFT_VERSION = 6.0;
			};
			name = Debug;
		};
		F10000000000000000000021 /* Release */ = {
			isa = XCBuildConfiguration;
			buildSettings = {
				ASSETCATALOG_COMPILER_APPICON_NAME = AppIcon;
				CODE_SIGN_IDENTITY = "-";
				CODE_SIGN_STYLE = Manual;
				COMBINE_HIDPI_IMAGES = YES;
				CURRENT_PROJECT_VERSION = 24;
				ENABLE_APP_SANDBOX = NO;
				ENABLE_HARDENED_RUNTIME = YES;
				GENERATE_INFOPLIST_FILE = NO;
				INFOPLIST_FILE = SimuBoardMac/Info.plist;
				LD_RUNPATH_SEARCH_PATHS = "$(inherited) @executable_path/../Frameworks";
				MACOSX_DEPLOYMENT_TARGET = 13.0;
				MARKETING_VERSION = 1.1.0;
				PRODUCT_BUNDLE_IDENTIFIER = com.simuboard.mac;
				PRODUCT_NAME = Battuta;
				SWIFT_STRICT_CONCURRENCY = complete;
				SWIFT_VERSION = 6.0;
			};
			name = Release;
		};
/* End XCBuildConfiguration section */

/* Begin XCConfigurationList section */
		F10000000000000000000001 /* Build configuration list for PBXProject "SimuBoardMac" */ = {
			isa = XCConfigurationList;
			buildConfigurations = (F10000000000000000000010 /* Debug */, F10000000000000000000011 /* Release */);
			defaultConfigurationIsVisible = 0;
			defaultConfigurationName = Release;
		};
		F10000000000000000000002 /* Build configuration list for PBXNativeTarget "SimuBoardMac" */ = {
			isa = XCConfigurationList;
			buildConfigurations = (F10000000000000000000020 /* Debug */, F10000000000000000000021 /* Release */);
			defaultConfigurationIsVisible = 0;
			defaultConfigurationName = Release;
		};
/* End XCConfigurationList section */
	};
	rootObject = E10000000000000000000002 /* Project object */;
}
